
Microsoft Visual Studio Solution File, Format Version 12.00
# Visual Studio Version 17
VisualStudioVersion = 17.7.34031.279
MinimumVisualStudioVersion = 10.0.40219.1
Project("{FAE04EC0-301F-11D3-BF4B-00C04F79EFBC}") = "Homework_06_10", "Homework_06_10.csproj", "{CDDE7E2B-719B-46A4-83C0-13D7868839D3}"
EndProject
Global
	GlobalSection(SolutionConfigurationPlatforms) = preSolution
		Debug|Any CPU = Debug|Any CPU
		Release|Any CPU = Release|Any CPU
	EndGlobalSection
	GlobalSection(ProjectConfigurationPlatforms) = postSolution
		{CDDE7E2B-719B-46A4-83C0-13D7868839D3}.Debug|Any CPU.ActiveCfg = Debug|Any CPU
		{CDDE7E2B-719B-46A4-83C0-13D7868839D3}.Debug|Any CPU.Build.0 = Debug|Any CPU
		{CDDE7E2B-719B-46A4-83C0-13D7868839D3}.Release|Any CPU.ActiveCfg = Release|Any CPU
		{CDDE7E2B-719B-46A4-83C0-13D7868839D3}.Release|Any CPU.Build.0 = Release|Any CPU
	EndGlobalSection
	GlobalSection(SolutionProperties) = preSolution
		HideSolutionNode = FALSE
	EndGlobalSection
	GlobalSection(ExtensibilityGlobals) = postSolution
		SolutionGuid = {F7867CCA-5180-492A-A67A-CB69FF32A9F8}
	EndGlobalSection
EndGlobal
